
Microsoft Visual Studio Solution File, Format Version 12.00
# Visual Studio Version 17
VisualStudioVersion = 17.7.34009.444
MinimumVisualStudioVersion = 10.0.40219.1
Project("{FAE04EC0-301F-11D3-BF4B-00C04F79EFBC}") = "Register_Login_WFroms", "Register_Login_WFroms\Register_Login_WFroms.csproj", "{8489CB63-C0A9-42E1-940A-10D8EFB6231E}"
EndProject
Global
	GlobalSection(SolutionConfigurationPlatforms) = preSolution
		Debug|Any CPU = Debug|Any CPU
		Release|Any CPU = Release|Any CPU
	EndGlobalSection
	GlobalSection(ProjectConfigurationPlatforms) = postSolution
		{8489CB63-C0A9-42E1-940A-10D8EFB6231E}.Debug|Any CPU.ActiveCfg = Debug|Any CPU
		{8489CB63-C0A9-42E1-940A-10D8EFB6231E}.Debug|Any CPU.Build.0 = Debug|Any CPU
		{8489CB63-C0A9-42E1-940A-10D8EFB6231E}.Release|Any CPU.ActiveCfg = Release|Any CPU
		{8489CB63-C0A9-42E1-940A-10D8EFB6231E}.Release|Any CPU.Build.0 = Release|Any CPU
	EndGlobalSection
	GlobalSection(SolutionProperties) = preSolution
		HideSolutionNode = FALSE
	EndGlobalSection
	GlobalSection(ExtensibilityGlobals) = postSolution
		SolutionGuid = {580DD899-5151-4893-8FC4-BB216150AB31}
	EndGlobalSection
EndGlobal
